
Microsoft Visual Studio Solution File, Format Version 12.00
# Visual Studio 15
VisualStudioVersion = 15.0.27428.2037
MinimumVisualStudioVersion = 10.0.40219.1
Project("{FAE04EC0-301F-11D3-BF4B-00C04F79EFBC}") = "FRENDS.SAPConnector", "Frends.SAPConnector\FRENDS.SAPConnector.csproj", "{14FC375C-1858-4A7C-BE10-FCE4FDE1F112}"
EndProject
Global
	GlobalSection(SolutionConfigurationPlatforms) = preSolution
		Debug|Any CPU = Debug|Any CPU
		Release|Any CPU = Release|Any CPU
	EndGlobalSection
	GlobalSection(ProjectConfigurationPlatforms) = postSolution
		{14FC375C-1858-4A7C-BE10-FCE4FDE1F112}.Debug|Any CPU.ActiveCfg = Debug|Any CPU
		{14FC375C-1858-4A7C-BE10-FCE4FDE1F112}.Debug|Any CPU.Build.0 = Debug|Any CPU
		{14FC375C-1858-4A7C-BE10-FCE4FDE1F112}.Release|Any CPU.ActiveCfg = Release|Any CPU
		{14FC375C-1858-4A7C-BE10-FCE4FDE1F112}.Release|Any CPU.Build.0 = Release|Any CPU
	EndGlobalSection
	GlobalSection(SolutionProperties) = preSolution
		HideSolutionNode = FALSE
	EndGlobalSection
	GlobalSection(ExtensibilityGlobals) = postSolution
		SolutionGuid = {3D70DE3F-1F96-48B3-B3AC-388C378657ED}
	EndGlobalSection
EndGlobal
